
Microsoft Visual Studio Solution File, Format Version 12.00
# Visual Studio 2013
VisualStudioVersion = 12.0.31101.0
MinimumVisualStudioVersion = 10.0.40219.1
Project("{FAE04EC0-301F-11D3-BF4B-00C04F79EFBC}") = "Console", "compounds\Console\Console.csproj", "{2ED1B25C-6320-4AAA-BD01-0561FFF8DB68}"
EndProject
Project("{FAE04EC0-301F-11D3-BF4B-00C04F79EFBC}") = "Library", "library\Library.csproj", "{72003875-B18A-4A35-9FE0-6C7B9A07F6EE}"
EndProject
Project("{FAE04EC0-301F-11D3-BF4B-00C04F79EFBC}") = "Generator", "compounds\Generator\Generator.csproj", "{27432802-BD38-4EB2-B44D-481BD8C81D08}"
EndProject
Project("{FAE04EC0-301F-11D3-BF4B-00C04F79EFBC}") = "MusicMethods", "compounds\MusicMethods\MusicMethods.csproj", "{AC17BCB9-0DD5-45C9-9317-60DB194CB029}"
EndProject
Project("{FAE04EC0-301F-11D3-BF4B-00C04F79EFBC}") = "EarTrainer", "compounds\EarTrainer\EarTrainer.csproj", "{C680577B-A6EF-47E8-918A-3A221664B715}"
EndProject
Project("{2150E333-8FDC-42A3-9474-1A3956D46DE8}") = "bins", "bins", "{9EAB0445-3F1B-41D9-8A81-FA2A2B3F074F}"
	ProjectSection(SolutionItems) = preProject
		bins\alglibnet2.dll = bins\alglibnet2.dll
		bins\AlphaTab.Core.dll = bins\AlphaTab.Core.dll
		bins\encog-core-cs.dll = bins\encog-core-cs.dll
		bins\MathNet.Iridium.dll = bins\MathNet.Iridium.dll
		bins\Midi.dll = bins\Midi.dll
	EndProjectSection
EndProject
Project("{FAE04EC0-301F-11D3-BF4B-00C04F79EFBC}") = "UITest", "compounds\UITest\UITest.csproj", "{A6F5DEC3-3438-4BDD-9316-B716154DD9F2}"
EndProject
Global
	GlobalSection(SolutionConfigurationPlatforms) = preSolution
		Debug|Any CPU = Debug|Any CPU
		Release|Any CPU = Release|Any CPU
	EndGlobalSection
	GlobalSection(ProjectConfigurationPlatforms) = postSolution
		{2ED1B25C-6320-4AAA-BD01-0561FFF8DB68}.Debug|Any CPU.ActiveCfg = Debug|Any CPU
		{2ED1B25C-6320-4AAA-BD01-0561FFF8DB68}.Debug|Any CPU.Build.0 = Debug|Any CPU
		{2ED1B25C-6320-4AAA-BD01-0561FFF8DB68}.Release|Any CPU.ActiveCfg = Release|Any CPU
		{2ED1B25C-6320-4AAA-BD01-0561FFF8DB68}.Release|Any CPU.Build.0 = Release|Any CPU
		{72003875-B18A-4A35-9FE0-6C7B9A07F6EE}.Debug|Any CPU.ActiveCfg = Debug|Any CPU
		{72003875-B18A-4A35-9FE0-6C7B9A07F6EE}.Debug|Any CPU.Build.0 = Debug|Any CPU
		{72003875-B18A-4A35-9FE0-6C7B9A07F6EE}.Release|Any CPU.ActiveCfg = Release|Any CPU
		{72003875-B18A-4A35-9FE0-6C7B9A07F6EE}.Release|Any CPU.Build.0 = Release|Any CPU
		{27432802-BD38-4EB2-B44D-481BD8C81D08}.Debug|Any CPU.ActiveCfg = Debug|Any CPU
		{27432802-BD38-4EB2-B44D-481BD8C81D08}.Debug|Any CPU.Build.0 = Debug|Any CPU
		{27432802-BD38-4EB2-B44D-481BD8C81D08}.Release|Any CPU.ActiveCfg = Release|Any CPU
		{27432802-BD38-4EB2-B44D-481BD8C81D08}.Release|Any CPU.Build.0 = Release|Any CPU
		{AC17BCB9-0DD5-45C9-9317-60DB194CB029}.Debug|Any CPU.ActiveCfg = Debug|Any CPU
		{AC17BCB9-0DD5-45C9-9317-60DB194CB029}.Debug|Any CPU.Build.0 = Debug|Any CPU
		{AC17BCB9-0DD5-45C9-9317-60DB194CB029}.Release|Any CPU.ActiveCfg = Release|Any CPU
		{AC17BCB9-0DD5-45C9-9317-60DB194CB029}.Release|Any CPU.Build.0 = Release|Any CPU
		{C680577B-A6EF-47E8-918A-3A221664B715}.Debug|Any CPU.ActiveCfg = Debug|Any CPU
		{C680577B-A6EF-47E8-918A-3A221664B715}.Debug|Any CPU.Build.0 = Debug|Any CPU
		{C680577B-A6EF-47E8-918A-3A221664B715}.Release|Any CPU.ActiveCfg = Release|Any CPU
		{C680577B-A6EF-47E8-918A-3A221664B715}.Release|Any CPU.Build.0 = Release|Any CPU
		{A6F5DEC3-3438-4BDD-9316-B716154DD9F2}.Debug|Any CPU.ActiveCfg = Debug|Any CPU
		{A6F5DEC3-3438-4BDD-9316-B716154DD9F2}.Debug|Any CPU.Build.0 = Debug|Any CPU
		{A6F5DEC3-3438-4BDD-9316-B716154DD9F2}.Release|Any CPU.ActiveCfg = Release|Any CPU
		{A6F5DEC3-3438-4BDD-9316-B716154DD9F2}.Release|Any CPU.Build.0 = Release|Any CPU
	EndGlobalSection
	GlobalSection(SolutionProperties) = preSolution
		HideSolutionNode = FALSE
	EndGlobalSection
EndGlobal
